
Microsoft Visual Studio Solution File, Format Version 12.00
# Visual Studio Version 17
VisualStudioVersion = 17.5.33516.290
MinimumVisualStudioVersion = 10.0.40219.1
Project("{FAE04EC0-301F-11D3-BF4B-00C04F79EFBC}") = "LichessAPI", "LichessAPI.csproj", "{A5B7D70F-CA00-4E06-9515-3A017FC0ACB6}"
EndProject
Global
	GlobalSection(SolutionConfigurationPlatforms) = preSolution
		Debug|Any CPU = Debug|Any CPU
		Release|Any CPU = Release|Any CPU
	EndGlobalSection
	GlobalSection(ProjectConfigurationPlatforms) = postSolution
		{A5B7D70F-CA00-4E06-9515-3A017FC0ACB6}.Debug|Any CPU.ActiveCfg = Debug|Any CPU
		{A5B7D70F-CA00-4E06-9515-3A017FC0ACB6}.Debug|Any CPU.Build.0 = Debug|Any CPU
		{A5B7D70F-CA00-4E06-9515-3A017FC0ACB6}.Release|Any CPU.ActiveCfg = Release|Any CPU
		{A5B7D70F-CA00-4E06-9515-3A017FC0ACB6}.Release|Any CPU.Build.0 = Release|Any CPU
	EndGlobalSection
	GlobalSection(SolutionProperties) = preSolution
		HideSolutionNode = FALSE
	EndGlobalSection
	GlobalSection(ExtensibilityGlobals) = postSolution
		SolutionGuid = {AD8CC4E3-D4F4-4D5F-8A13-FF5EF56C352F}
	EndGlobalSection
EndGlobal
